
Microsoft Visual Studio Solution File, Format Version 12.00
# Visual Studio Version 16
VisualStudioVersion = 16.0.31729.503
MinimumVisualStudioVersion = 10.0.40219.1
Project("{FAE04EC0-301F-11D3-BF4B-00C04F79EFBC}") = "CQRSMediator.Domain", "CQRSMediator.Domain\CQRSMediator.Domain.csproj", "{FCB267F4-E9A4-410B-9DCF-3ED8A13B32B2}"
EndProject
Project("{FAE04EC0-301F-11D3-BF4B-00C04F79EFBC}") = "CQRSMediator.Application", "CQRSMediator.Application\CQRSMediator.Application.csproj", "{C9774855-EE6F-41B4-A290-767D530A436E}"
EndProject
Project("{FAE04EC0-301F-11D3-BF4B-00C04F79EFBC}") = "CQRSMediator.Infrastructure", "CQRSMediator.Infrastructure\CQRSMediator.Infrastructure.csproj", "{EC55765C-DFFB-4D9C-98CE-7880D7257232}"
EndProject
Project("{FAE04EC0-301F-11D3-BF4B-00C04F79EFBC}") = "CQRSMediator.CrossCutting", "CQRSMediator.CrossCutting\CQRSMediator.CrossCutting.csproj", "{66E272C4-0C2F-46A4-AB57-8A501E796975}"
EndProject
Project("{FAE04EC0-301F-11D3-BF4B-00C04F79EFBC}") = "CQRSMediator.API", "CQRSMediator.API\CQRSMediator.API.csproj", "{1BC39087-108C-429C-B704-3F8D15DB94ED}"
EndProject
Global
	GlobalSection(SolutionConfigurationPlatforms) = preSolution
		Debug|Any CPU = Debug|Any CPU
		Release|Any CPU = Release|Any CPU
	EndGlobalSection
	GlobalSection(ProjectConfigurationPlatforms) = postSolution
		{FCB267F4-E9A4-410B-9DCF-3ED8A13B32B2}.Debug|Any CPU.ActiveCfg = Debug|Any CPU
		{FCB267F4-E9A4-410B-9DCF-3ED8A13B32B2}.Debug|Any CPU.Build.0 = Debug|Any CPU
		{FCB267F4-E9A4-410B-9DCF-3ED8A13B32B2}.Release|Any CPU.ActiveCfg = Release|Any CPU
		{FCB267F4-E9A4-410B-9DCF-3ED8A13B32B2}.Release|Any CPU.Build.0 = Release|Any CPU
		{C9774855-EE6F-41B4-A290-767D530A436E}.Debug|Any CPU.ActiveCfg = Debug|Any CPU
		{C9774855-EE6F-41B4-A290-767D530A436E}.Debug|Any CPU.Build.0 = Debug|Any CPU
		{C9774855-EE6F-41B4-A290-767D530A436E}.Release|Any CPU.ActiveCfg = Release|Any CPU
		{C9774855-EE6F-41B4-A290-767D530A436E}.Release|Any CPU.Build.0 = Release|Any CPU
		{EC55765C-DFFB-4D9C-98CE-7880D7257232}.Debug|Any CPU.ActiveCfg = Debug|Any CPU
		{EC55765C-DFFB-4D9C-98CE-7880D7257232}.Debug|Any CPU.Build.0 = Debug|Any CPU
		{EC55765C-DFFB-4D9C-98CE-7880D7257232}.Release|Any CPU.ActiveCfg = Release|Any CPU
		{EC55765C-DFFB-4D9C-98CE-7880D7257232}.Release|Any CPU.Build.0 = Release|Any CPU
		{66E272C4-0C2F-46A4-AB57-8A501E796975}.Debug|Any CPU.ActiveCfg = Debug|Any CPU
		{66E272C4-0C2F-46A4-AB57-8A501E796975}.Debug|Any CPU.Build.0 = Debug|Any CPU
		{66E272C4-0C2F-46A4-AB57-8A501E796975}.Release|Any CPU.ActiveCfg = Release|Any CPU
		{66E272C4-0C2F-46A4-AB57-8A501E796975}.Release|Any CPU.Build.0 = Release|Any CPU
		{1BC39087-108C-429C-B704-3F8D15DB94ED}.Debug|Any CPU.ActiveCfg = Debug|Any CPU
		{1BC39087-108C-429C-B704-3F8D15DB94ED}.Debug|Any CPU.Build.0 = Debug|Any CPU
		{1BC39087-108C-429C-B704-3F8D15DB94ED}.Release|Any CPU.ActiveCfg = Release|Any CPU
		{1BC39087-108C-429C-B704-3F8D15DB94ED}.Release|Any CPU.Build.0 = Release|Any CPU
	EndGlobalSection
	GlobalSection(SolutionProperties) = preSolution
		HideSolutionNode = FALSE
	EndGlobalSection
	GlobalSection(ExtensibilityGlobals) = postSolution
		SolutionGuid = {97552584-A44A-4C41-B6D6-DF67C57590FC}
	EndGlobalSection
EndGlobal
